
Microsoft Visual Studio Solution File, Format Version 12.00
# Visual Studio Version 17
VisualStudioVersion = 17.14.36915.13 d17.14
MinimumVisualStudioVersion = 10.0.40219.1
Project("{8BC9CEB8-8B4A-11D0-8D11-00A0C91BC942}") = "3D_Engine", "3D_Engine.vcxproj", "{B705CE72-10B0-47F1-AE83-3E664C79041A}"
EndProject
Global
	GlobalSection(SolutionConfigurationPlatforms) = preSolution
		Debug|x64 = Debug|x64
		Debug|x86 = Debug|x86
		Release|x64 = Release|x64
		Release|x86 = Release|x86
	EndGlobalSection
	GlobalSection(ProjectConfigurationPlatforms) = postSolution
		{B705CE72-10B0-47F1-AE83-3E664C79041A}.Debug|x64.ActiveCfg = Debug|x64
		{B705CE72-10B0-47F1-AE83-3E664C79041A}.Debug|x64.Build.0 = Debug|x64
		{B705CE72-10B0-47F1-AE83-3E664C79041A}.Debug|x86.ActiveCfg = Debug|Win32
		{B705CE72-10B0-47F1-AE83-3E664C79041A}.Debug|x86.Build.0 = Debug|Win32
		{B705CE72-10B0-47F1-AE83-3E664C79041A}.Release|x64.ActiveCfg = Release|x64
		{B705CE72-10B0-47F1-AE83-3E664C79041A}.Release|x64.Build.0 = Release|x64
		{B705CE72-10B0-47F1-AE83-3E664C79041A}.Release|x86.ActiveCfg = Release|Win32
		{B705CE72-10B0-47F1-AE83-3E664C79041A}.Release|x86.Build.0 = Release|Win32
	EndGlobalSection
	GlobalSection(SolutionProperties) = preSolution
		HideSolutionNode = FALSE
	EndGlobalSection
	GlobalSection(ExtensibilityGlobals) = postSolution
		SolutionGuid = {ACB66331-66DD-43CB-838A-5E3A4F3C1369}
	EndGlobalSection
EndGlobal
